
Microsoft Visual Studio Solution File, Format Version 12.00
# Visual Studio Version 16
VisualStudioVersion = 16.0.31105.61
MinimumVisualStudioVersion = 10.0.40219.1
Project("{FAE04EC0-301F-11D3-BF4B-00C04F79EFBC}") = "ReadDocApp", "ReadDocApp\ReadDocApp.csproj", "{F0ED2579-C3B1-4F05-82DE-1CB9DC78934A}"
EndProject
Global
	GlobalSection(SolutionConfigurationPlatforms) = preSolution
		Debug|Any CPU = Debug|Any CPU
		Release|Any CPU = Release|Any CPU
	EndGlobalSection
	GlobalSection(ProjectConfigurationPlatforms) = postSolution
		{F0ED2579-C3B1-4F05-82DE-1CB9DC78934A}.Debug|Any CPU.ActiveCfg = Debug|Any CPU
		{F0ED2579-C3B1-4F05-82DE-1CB9DC78934A}.Debug|Any CPU.Build.0 = Debug|Any CPU
		{F0ED2579-C3B1-4F05-82DE-1CB9DC78934A}.Release|Any CPU.ActiveCfg = Release|Any CPU
		{F0ED2579-C3B1-4F05-82DE-1CB9DC78934A}.Release|Any CPU.Build.0 = Release|Any CPU
	EndGlobalSection
	GlobalSection(SolutionProperties) = preSolution
		HideSolutionNode = FALSE
	EndGlobalSection
	GlobalSection(ExtensibilityGlobals) = postSolution
		SolutionGuid = {0BA1F1EE-435B-4A62-A715-B342CF6265AA}
	EndGlobalSection
EndGlobal
